
Microsoft Visual Studio Solution File, Format Version 12.00
# Visual Studio Version 16
VisualStudioVersion = 16.0.30204.135
MinimumVisualStudioVersion = 10.0.40219.1
Project("{FAE04EC0-301F-11D3-BF4B-00C04F79EFBC}") = "sims", "sims\sims.csproj", "{010B3327-2EB6-454B-AD9F-E9F7C3A5B368}"
EndProject
Global
	GlobalSection(SolutionConfigurationPlatforms) = preSolution
		Debug|Any CPU = Debug|Any CPU
		Release|Any CPU = Release|Any CPU
	EndGlobalSection
	GlobalSection(ProjectConfigurationPlatforms) = postSolution
		{010B3327-2EB6-454B-AD9F-E9F7C3A5B368}.Debug|Any CPU.ActiveCfg = Debug|Any CPU
		{010B3327-2EB6-454B-AD9F-E9F7C3A5B368}.Debug|Any CPU.Build.0 = Debug|Any CPU
		{010B3327-2EB6-454B-AD9F-E9F7C3A5B368}.Release|Any CPU.ActiveCfg = Release|Any CPU
		{010B3327-2EB6-454B-AD9F-E9F7C3A5B368}.Release|Any CPU.Build.0 = Release|Any CPU
	EndGlobalSection
	GlobalSection(SolutionProperties) = preSolution
		HideSolutionNode = FALSE
	EndGlobalSection
	GlobalSection(ExtensibilityGlobals) = postSolution
		SolutionGuid = {43BE2AB7-83E0-4EEC-AB35-9B079EB2ECC4}
	EndGlobalSection
EndGlobal
